
Microsoft Visual Studio Solution File, Format Version 12.00
# Visual Studio Version 16
VisualStudioVersion = 16.0.31410.357
MinimumVisualStudioVersion = 10.0.40219.1
Project("{FAE04EC0-301F-11D3-BF4B-00C04F79EFBC}") = "ServerTCP", "ServerTCP.csproj", "{CE92FB3F-4FA1-4104-AE26-AC58EAA2CCD6}"
EndProject
Project("{FAE04EC0-301F-11D3-BF4B-00C04F79EFBC}") = "UserTCP", "..\UserTCP\UserTCP.csproj", "{20CD2C12-0BBB-4F14-9A7E-DA7071F6B17D}"
EndProject
Global
	GlobalSection(SolutionConfigurationPlatforms) = preSolution
		Debug|Any CPU = Debug|Any CPU
		Release|Any CPU = Release|Any CPU
	EndGlobalSection
	GlobalSection(ProjectConfigurationPlatforms) = postSolution
		{CE92FB3F-4FA1-4104-AE26-AC58EAA2CCD6}.Debug|Any CPU.ActiveCfg = Debug|Any CPU
		{CE92FB3F-4FA1-4104-AE26-AC58EAA2CCD6}.Debug|Any CPU.Build.0 = Debug|Any CPU
		{CE92FB3F-4FA1-4104-AE26-AC58EAA2CCD6}.Release|Any CPU.ActiveCfg = Release|Any CPU
		{CE92FB3F-4FA1-4104-AE26-AC58EAA2CCD6}.Release|Any CPU.Build.0 = Release|Any CPU
		{20CD2C12-0BBB-4F14-9A7E-DA7071F6B17D}.Debug|Any CPU.ActiveCfg = Debug|Any CPU
		{20CD2C12-0BBB-4F14-9A7E-DA7071F6B17D}.Debug|Any CPU.Build.0 = Debug|Any CPU
		{20CD2C12-0BBB-4F14-9A7E-DA7071F6B17D}.Release|Any CPU.ActiveCfg = Release|Any CPU
		{20CD2C12-0BBB-4F14-9A7E-DA7071F6B17D}.Release|Any CPU.Build.0 = Release|Any CPU
	EndGlobalSection
	GlobalSection(SolutionProperties) = preSolution
		HideSolutionNode = FALSE
	EndGlobalSection
	GlobalSection(ExtensibilityGlobals) = postSolution
		SolutionGuid = {BCE57B31-D941-47E8-8AEB-7EFEA4346424}
	EndGlobalSection
EndGlobal
